
Microsoft Visual Studio Solution File, Format Version 12.00
# Visual Studio Version 16
VisualStudioVersion = 16.0.31129.286
MinimumVisualStudioVersion = 10.0.40219.1
Project("{9A19103F-16F7-4668-BE54-9A1E7A4F7556}") = "Test_InterView", "Test_InterView\Test_InterView.csproj", "{59C1F9A8-2088-40DE-9550-7D9E3CEF869D}"
EndProject
Project("{FAE04EC0-301F-11D3-BF4B-00C04F79EFBC}") = "Test_Interview.Domain", "Test_Interview.Domain\Test_Interview.Domain.csproj", "{90056750-6D0A-4523-833D-9C37EBEB3C2E}"
EndProject
Project("{FAE04EC0-301F-11D3-BF4B-00C04F79EFBC}") = "Test_Interview.Infrastructure", "Test_Interview.Infrastructure\Test_Interview.Infrastructure.csproj", "{442D2092-791F-4891-A791-A6A69497EDAC}"
EndProject
Global
	GlobalSection(SolutionConfigurationPlatforms) = preSolution
		Debug|Any CPU = Debug|Any CPU
		Release|Any CPU = Release|Any CPU
	EndGlobalSection
	GlobalSection(ProjectConfigurationPlatforms) = postSolution
		{59C1F9A8-2088-40DE-9550-7D9E3CEF869D}.Debug|Any CPU.ActiveCfg = Debug|Any CPU
		{59C1F9A8-2088-40DE-9550-7D9E3CEF869D}.Debug|Any CPU.Build.0 = Debug|Any CPU
		{59C1F9A8-2088-40DE-9550-7D9E3CEF869D}.Release|Any CPU.ActiveCfg = Release|Any CPU
		{59C1F9A8-2088-40DE-9550-7D9E3CEF869D}.Release|Any CPU.Build.0 = Release|Any CPU
		{90056750-6D0A-4523-833D-9C37EBEB3C2E}.Debug|Any CPU.ActiveCfg = Debug|Any CPU
		{90056750-6D0A-4523-833D-9C37EBEB3C2E}.Debug|Any CPU.Build.0 = Debug|Any CPU
		{90056750-6D0A-4523-833D-9C37EBEB3C2E}.Release|Any CPU.ActiveCfg = Release|Any CPU
		{90056750-6D0A-4523-833D-9C37EBEB3C2E}.Release|Any CPU.Build.0 = Release|Any CPU
		{442D2092-791F-4891-A791-A6A69497EDAC}.Debug|Any CPU.ActiveCfg = Debug|Any CPU
		{442D2092-791F-4891-A791-A6A69497EDAC}.Debug|Any CPU.Build.0 = Debug|Any CPU
		{442D2092-791F-4891-A791-A6A69497EDAC}.Release|Any CPU.ActiveCfg = Release|Any CPU
		{442D2092-791F-4891-A791-A6A69497EDAC}.Release|Any CPU.Build.0 = Release|Any CPU
	EndGlobalSection
	GlobalSection(SolutionProperties) = preSolution
		HideSolutionNode = FALSE
	EndGlobalSection
	GlobalSection(ExtensibilityGlobals) = postSolution
		SolutionGuid = {A840DB49-97AC-4929-81C9-55FDE28FF37A}
	EndGlobalSection
EndGlobal
